// !$*UTF8*$!
{
	archiveVersion = 1;
	classes = {
	};
	objectVersion = 56;
	objects = {

/* Begin PBXBuildFile section */
		BFIL0000000000000000001 /* MinifyRadioApp.swift in Sources */ = {isa = PBXBuildFile; fileRef = FREF0000000000000000001 /* MinifyRadioApp.swift */; };
		BFIL0000000000000000002 /* ContentView.swift in Sources */ = {isa = PBXBuildFile; fileRef = FREF0000000000000000002 /* ContentView.swift */; };
		BFIL0000000000000000003 /* RadioEngine.swift in Sources */ = {isa = PBXBuildFile; fileRef = FREF0000000000000000003 /* RadioEngine.swift */; };
		BFIL0000000000000000004 /* IAPManager.swift in Sources */ = {isa = PBXBuildFile; fileRef = FREF0000000000000000004 /* IAPManager.swift */; };
		BFIL0000000000000000005 /* WaveGridView.swift in Sources */ = {isa = PBXBuildFile; fileRef = FREF0000000000000000005 /* WaveGridView.swift */; };
		BFIL0000000000000000006 /* SimplexNoise.swift in Sources */ = {isa = PBXBuildFile; fileRef = FREF0000000000000000006 /* SimplexNoise.swift */; };
		BFIL0000000000000000009 /* CarPlaySceneDelegate.swift in Sources */ = {isa = PBXBuildFile; fileRef = FREF000000000000000000C /* CarPlaySceneDelegate.swift */; };
		BFIL000000000000000000A /* WaveArt.swift in Sources */ = {isa = PBXBuildFile; fileRef = FREF000000000000000000E /* WaveArt.swift */; };
		BFIL000000000000000000B /* IcyParser.swift in Sources */ = {isa = PBXBuildFile; fileRef = FREF000000000000000000F /* IcyParser.swift */; };
		BFIL000000000000000000C /* IcyParserTests.swift in Sources */ = {isa = PBXBuildFile; fileRef = FREF0000000000000000010 /* IcyParserTests.swift */; };
		BFIL000000000000000000D /* IcyParser.swift in Sources */ = {isa = PBXBuildFile; fileRef = FREF000000000000000000F /* IcyParser.swift */; };
		BFIL000000000000000000E /* AudioReactivity.swift in Sources */ = {isa = PBXBuildFile; fileRef = FREF0000000000000000012 /* AudioReactivity.swift */; };
		BFIL000000000000000000F /* AudioReactivity.swift in Sources */ = {isa = PBXBuildFile; fileRef = FREF0000000000000000012 /* AudioReactivity.swift */; };
		BFIL0000000000000000010 /* AudioReactivityTests.swift in Sources */ = {isa = PBXBuildFile; fileRef = FREF0000000000000000013 /* AudioReactivityTests.swift */; };
		BFIL0000000000000000011 /* WaveField.swift in Sources */ = {isa = PBXBuildFile; fileRef = FREF0000000000000000014 /* WaveField.swift */; };
		BFIL0000000000000000012 /* WaveField.swift in Sources */ = {isa = PBXBuildFile; fileRef = FREF0000000000000000014 /* WaveField.swift */; };
		BFIL0000000000000000013 /* WaveFieldTests.swift in Sources */ = {isa = PBXBuildFile; fileRef = FREF0000000000000000015 /* WaveFieldTests.swift */; };
		BFIL0000000000000000014 /* SimplexNoise.swift in Sources */ = {isa = PBXBuildFile; fileRef = FREF0000000000000000006 /* SimplexNoise.swift */; };
		BFIL0000000000000000015 /* TempoTrackerTests.swift in Sources */ = {isa = PBXBuildFile; fileRef = FREF0000000000000000016 /* TempoTrackerTests.swift */; };
		BFIL0000000000000000017 /* ListenHistory.swift in Sources */ = {isa = PBXBuildFile; fileRef = FREF0000000000000000018 /* ListenHistory.swift */; };
		BFIL0000000000000000018 /* ListenHistory.swift in Sources */ = {isa = PBXBuildFile; fileRef = FREF0000000000000000018 /* ListenHistory.swift */; };
		BFIL0000000000000000019 /* ListenHistoryTests.swift in Sources */ = {isa = PBXBuildFile; fileRef = FREF0000000000000000019 /* ListenHistoryTests.swift */; };
		BFIL000000000000000001A /* ShazamMatcher.swift in Sources */ = {isa = PBXBuildFile; fileRef = FREF000000000000000001A /* ShazamMatcher.swift */; };
		BFIL0000000000000000007 /* Assets.xcassets in Resources */ = {isa = PBXBuildFile; fileRef = FREF0000000000000000007 /* Assets.xcassets */; };
		BFIL0000000000000000008 /* PrivacyInfo.xcprivacy in Resources */ = {isa = PBXBuildFile; fileRef = FREF000000000000000000A /* PrivacyInfo.xcprivacy */; };
/* End PBXBuildFile section */

/* Begin PBXFileReference section */
		FREF0000000000000000001 /* MinifyRadioApp.swift */ = {isa = PBXFileReference; lastKnownFileType = sourcecode.swift; path = MinifyRadioApp.swift; sourceTree = "<group>"; };
		FREF0000000000000000002 /* ContentView.swift */ = {isa = PBXFileReference; lastKnownFileType = sourcecode.swift; path = ContentView.swift; sourceTree = "<group>"; };
		FREF0000000000000000003 /* RadioEngine.swift */ = {isa = PBXFileReference; lastKnownFileType = sourcecode.swift; path = RadioEngine.swift; sourceTree = "<group>"; };
		FREF0000000000000000004 /* IAPManager.swift */ = {isa = PBXFileReference; lastKnownFileType = sourcecode.swift; path = IAPManager.swift; sourceTree = "<group>"; };
		FREF0000000000000000005 /* WaveGridView.swift */ = {isa = PBXFileReference; lastKnownFileType = sourcecode.swift; path = WaveGridView.swift; sourceTree = "<group>"; };
		FREF0000000000000000006 /* SimplexNoise.swift */ = {isa = PBXFileReference; lastKnownFileType = sourcecode.swift; path = SimplexNoise.swift; sourceTree = "<group>"; };
		FREF0000000000000000007 /* Assets.xcassets */ = {isa = PBXFileReference; lastKnownFileType = folder.assetcatalog; path = Assets.xcassets; sourceTree = "<group>"; };
		FREF0000000000000000008 /* MinifyRadio.app */ = {isa = PBXFileReference; explicitFileType = wrapper.application; includeInIndex = 0; path = MinifyRadio.app; sourceTree = BUILT_PRODUCTS_DIR; };
		FREF0000000000000000009 /* Info.plist */ = {isa = PBXFileReference; lastKnownFileType = text.plist.xml; path = Info.plist; sourceTree = "<group>"; };
		FREF000000000000000000A /* PrivacyInfo.xcprivacy */ = {isa = PBXFileReference; lastKnownFileType = text.xml; path = PrivacyInfo.xcprivacy; sourceTree = "<group>"; };
		FREF000000000000000000B /* MinifyRadio.storekit */ = {isa = PBXFileReference; lastKnownFileType = text; path = MinifyRadio.storekit; sourceTree = "<group>"; };
		FREF000000000000000000C /* CarPlaySceneDelegate.swift */ = {isa = PBXFileReference; lastKnownFileType = sourcecode.swift; path = CarPlaySceneDelegate.swift; sourceTree = "<group>"; };
		FREF000000000000000000D /* MinifyRadio.entitlements */ = {isa = PBXFileReference; lastKnownFileType = text.plist.entitlements; path = MinifyRadio.entitlements; sourceTree = "<group>"; };
		FREF000000000000000000E /* WaveArt.swift */ = {isa = PBXFileReference; lastKnownFileType = sourcecode.swift; path = WaveArt.swift; sourceTree = "<group>"; };
		FREF000000000000000000F /* IcyParser.swift */ = {isa = PBXFileReference; lastKnownFileType = sourcecode.swift; path = IcyParser.swift; sourceTree = "<group>"; };
		FREF0000000000000000010 /* IcyParserTests.swift */ = {isa = PBXFileReference; lastKnownFileType = sourcecode.swift; path = IcyParserTests.swift; sourceTree = "<group>"; };
		FREF0000000000000000011 /* MinifyRadioTests.xctest */ = {isa = PBXFileReference; explicitFileType = wrapper.cfbundle; includeInIndex = 0; path = MinifyRadioTests.xctest; sourceTree = BUILT_PRODUCTS_DIR; };
		FREF0000000000000000012 /* AudioReactivity.swift */ = {isa = PBXFileReference; lastKnownFileType = sourcecode.swift; path = AudioReactivity.swift; sourceTree = "<group>"; };
		FREF0000000000000000013 /* AudioReactivityTests.swift */ = {isa = PBXFileReference; lastKnownFileType = sourcecode.swift; path = AudioReactivityTests.swift; sourceTree = "<group>"; };
		FREF0000000000000000014 /* WaveField.swift */ = {isa = PBXFileReference; lastKnownFileType = sourcecode.swift; path = WaveField.swift; sourceTree = "<group>"; };
		FREF0000000000000000015 /* WaveFieldTests.swift */ = {isa = PBXFileReference; lastKnownFileType = sourcecode.swift; path = WaveFieldTests.swift; sourceTree = "<group>"; };
		FREF0000000000000000016 /* TempoTrackerTests.swift */ = {isa = PBXFileReference; lastKnownFileType = sourcecode.swift; path = TempoTrackerTests.swift; sourceTree = "<group>"; };
		FREF0000000000000000018 /* ListenHistory.swift */ = {isa = PBXFileReference; lastKnownFileType = sourcecode.swift; path = ListenHistory.swift; sourceTree = "<group>"; };
		FREF0000000000000000019 /* ListenHistoryTests.swift */ = {isa = PBXFileReference; lastKnownFileType = sourcecode.swift; path = ListenHistoryTests.swift; sourceTree = "<group>"; };
		FREF000000000000000001A /* ShazamMatcher.swift */ = {isa = PBXFileReference; lastKnownFileType = sourcecode.swift; path = ShazamMatcher.swift; sourceTree = "<group>"; };
/* End PBXFileReference section */

/* Begin PBXFrameworksBuildPhase section */
		FWRK0000000000000000001 /* Frameworks */ = {
			isa = PBXFrameworksBuildPhase;
			buildActionMask = 2147483647;
			files = (
			);
			runOnlyForDeploymentPostprocessing = 0;
		};
		FWRK0000000000000000002 /* Frameworks */ = {
			isa = PBXFrameworksBuildPhase;
			buildActionMask = 2147483647;
			files = (
			);
			runOnlyForDeploymentPostprocessing = 0;
		};
/* End PBXFrameworksBuildPhase section */

/* Begin PBXGroup section */
		GRPA0000000000000000001 = {
			isa = PBXGroup;
			children = (
				GRPA0000000000000000002 /* MinifyRadio */,
				GRPA0000000000000000004 /* MinifyRadioTests */,
				GRPA0000000000000000003 /* Products */,
			);
			sourceTree = "<group>";
		};
		GRPA0000000000000000004 /* MinifyRadioTests */ = {
			isa = PBXGroup;
			children = (
				FREF0000000000000000010 /* IcyParserTests.swift */,
				FREF0000000000000000013 /* AudioReactivityTests.swift */,
				FREF0000000000000000015 /* WaveFieldTests.swift */,
				FREF0000000000000000016 /* TempoTrackerTests.swift */,
				FREF0000000000000000019 /* ListenHistoryTests.swift */,
			);
			path = MinifyRadioTests;
			sourceTree = "<group>";
		};
		GRPA0000000000000000002 /* MinifyRadio */ = {
			isa = PBXGroup;
			children = (
				FREF0000000000000000001 /* MinifyRadioApp.swift */,
				FREF0000000000000000002 /* ContentView.swift */,
				FREF0000000000000000003 /* RadioEngine.swift */,
				FREF0000000000000000004 /* IAPManager.swift */,
				FREF0000000000000000005 /* WaveGridView.swift */,
				FREF0000000000000000006 /* SimplexNoise.swift */,
				FREF000000000000000000C /* CarPlaySceneDelegate.swift */,
				FREF000000000000000000E /* WaveArt.swift */,
				FREF000000000000000000F /* IcyParser.swift */,
				FREF0000000000000000012 /* AudioReactivity.swift */,
				FREF0000000000000000014 /* WaveField.swift */,
				FREF0000000000000000018 /* ListenHistory.swift */,
				FREF000000000000000001A /* ShazamMatcher.swift */,
				FREF000000000000000000D /* MinifyRadio.entitlements */,
				FREF0000000000000000007 /* Assets.xcassets */,
				FREF0000000000000000009 /* Info.plist */,
				FREF000000000000000000A /* PrivacyInfo.xcprivacy */,
				FREF000000000000000000B /* MinifyRadio.storekit */,
			);
			path = MinifyRadio;
			sourceTree = "<group>";
		};
		GRPA0000000000000000003 /* Products */ = {
			isa = PBXGroup;
			children = (
				FREF0000000000000000008 /* MinifyRadio.app */,
				FREF0000000000000000011 /* MinifyRadioTests.xctest */,
			);
			name = Products;
			sourceTree = "<group>";
		};
/* End PBXGroup section */

/* Begin PBXNativeTarget section */
		TARG0000000000000000001 /* MinifyRadio */ = {
			isa = PBXNativeTarget;
			buildConfigurationList = CLST0000000000000000002 /* Build configuration list for PBXNativeTarget "MinifyRadio" */;
			buildPhases = (
				SRCS0000000000000000001 /* Sources */,
				FWRK0000000000000000001 /* Frameworks */,
				RSRC0000000000000000001 /* Resources */,
			);
			buildRules = (
			);
			dependencies = (
			);
			name = MinifyRadio;
			productName = MinifyRadio;
			productReference = FREF0000000000000000008 /* MinifyRadio.app */;
			productType = "com.apple.product-type.application";
		};
		TARG0000000000000000002 /* MinifyRadioTests */ = {
			isa = PBXNativeTarget;
			buildConfigurationList = CLST0000000000000000003 /* Build configuration list for PBXNativeTarget "MinifyRadioTests" */;
			buildPhases = (
				SRCS0000000000000000002 /* Sources */,
				FWRK0000000000000000002 /* Frameworks */,
			);
			buildRules = (
			);
			dependencies = (
			);
			name = MinifyRadioTests;
			productName = MinifyRadioTests;
			productReference = FREF0000000000000000011 /* MinifyRadioTests.xctest */;
			productType = "com.apple.product-type.bundle.unit-test";
		};
/* End PBXNativeTarget section */

/* Begin PBXProject section */
		PROJ0000000000000000001 /* Project object */ = {
			isa = PBXProject;
			attributes = {
				BuildIndependentTargetsInParallel = 1;
				LastSwiftUpdateCheck = 1600;
				LastUpgradeCheck = 1600;
			};
			buildConfigurationList = CLST0000000000000000001 /* Build configuration list for PBXProject "MinifyRadio" */;
			compatibilityVersion = "Xcode 14.0";
			developmentRegion = en;
			hasScannedForEncodings = 0;
			knownRegions = (
				en,
				Base,
			);
			mainGroup = GRPA0000000000000000001;
			productRefGroup = GRPA0000000000000000003 /* Products */;
			projectDirPath = "";
			projectRoot = "";
			targets = (
				TARG0000000000000000001 /* MinifyRadio */,
				TARG0000000000000000002 /* MinifyRadioTests */,
			);
		};
/* End PBXProject section */

/* Begin PBXResourcesBuildPhase section */
		RSRC0000000000000000001 /* Resources */ = {
			isa = PBXResourcesBuildPhase;
			buildActionMask = 2147483647;
			files = (
				BFIL0000000000000000007 /* Assets.xcassets in Resources */,
				BFIL0000000000000000008 /* PrivacyInfo.xcprivacy in Resources */,
			);
			runOnlyForDeploymentPostprocessing = 0;
		};
/* End PBXResourcesBuildPhase section */

/* Begin PBXSourcesBuildPhase section */
		SRCS0000000000000000001 /* Sources */ = {
			isa = PBXSourcesBuildPhase;
			buildActionMask = 2147483647;
			files = (
				BFIL0000000000000000001 /* MinifyRadioApp.swift in Sources */,
				BFIL0000000000000000002 /* ContentView.swift in Sources */,
				BFIL0000000000000000003 /* RadioEngine.swift in Sources */,
				BFIL0000000000000000004 /* IAPManager.swift in Sources */,
				BFIL0000000000000000005 /* WaveGridView.swift in Sources */,
				BFIL0000000000000000006 /* SimplexNoise.swift in Sources */,
				BFIL0000000000000000009 /* CarPlaySceneDelegate.swift in Sources */,
				BFIL000000000000000000A /* WaveArt.swift in Sources */,
				BFIL000000000000000000B /* IcyParser.swift in Sources */,
				BFIL000000000000000000E /* AudioReactivity.swift in Sources */,
				BFIL0000000000000000011 /* WaveField.swift in Sources */,
				BFIL0000000000000000017 /* ListenHistory.swift in Sources */,
				BFIL000000000000000001A /* ShazamMatcher.swift in Sources */,
			);
			runOnlyForDeploymentPostprocessing = 0;
		};
		SRCS0000000000000000002 /* Sources */ = {
			isa = PBXSourcesBuildPhase;
			buildActionMask = 2147483647;
			files = (
				BFIL000000000000000000C /* IcyParserTests.swift in Sources */,
				BFIL000000000000000000D /* IcyParser.swift in Sources */,
				BFIL000000000000000000F /* AudioReactivity.swift in Sources */,
				BFIL0000000000000000010 /* AudioReactivityTests.swift in Sources */,
				BFIL0000000000000000012 /* WaveField.swift in Sources */,
				BFIL0000000000000000013 /* WaveFieldTests.swift in Sources */,
				BFIL0000000000000000014 /* SimplexNoise.swift in Sources */,
				BFIL0000000000000000015 /* TempoTrackerTests.swift in Sources */,
				BFIL0000000000000000018 /* ListenHistory.swift in Sources */,
				BFIL0000000000000000019 /* ListenHistoryTests.swift in Sources */,
			);
			runOnlyForDeploymentPostprocessing = 0;
		};
/* End PBXSourcesBuildPhase section */

/* Begin XCBuildConfiguration section */
		CONF0000000000000000001 /* Debug */ = {
			isa = XCBuildConfiguration;
			buildSettings = {
				ALWAYS_SEARCH_USER_PATHS = NO;
				CLANG_ANALYZER_NONNULL = YES;
				CLANG_ANALYZER_NUMBER_OBJECT_CONVERSION = YES_AGGRESSIVE;
				CLANG_CXX_LANGUAGE_STANDARD = "gnu++20";
				CLANG_ENABLE_MODULES = YES;
				CLANG_ENABLE_OBJC_ARC = YES;
				CLANG_ENABLE_OBJC_WEAK = YES;
				CLANG_WARN__DUPLICATE_METHOD_MATCH = YES;
				COPY_PHASE_STRIP = NO;
				DEBUG_INFORMATION_FORMAT = dwarf;
				ENABLE_STRICT_OBJC_MSGSEND = YES;
				ENABLE_TESTABILITY = YES;
				GCC_C_LANGUAGE_STANDARD = gnu17;
				GCC_DYNAMIC_NO_PIC = NO;
				GCC_NO_COMMON_BLOCKS = YES;
				GCC_OPTIMIZATION_LEVEL = 0;
				GCC_PREPROCESSOR_DEFINITIONS = (
					"DEBUG=1",
					"$(inherited)",
				);
				GCC_WARN_64_TO_32_BIT_CONVERSION = YES;
				GCC_WARN_ABOUT_RETURN_TYPE = YES_ERROR;
				GCC_WARN_UNDECLARED_SELECTOR = YES;
				GCC_WARN_UNINITIALIZED_AUTOS = YES_AGGRESSIVE;
				GCC_WARN_UNUSED_FUNCTION = YES;
				GCC_WARN_UNUSED_VARIABLE = YES;
				IPHONEOS_DEPLOYMENT_TARGET = 16.0;
				MTL_ENABLE_DEBUG_INFO = INCLUDE_SOURCE;
				MTL_FAST_MATH = YES;
				ONLY_ACTIVE_ARCH = YES;
				SDKROOT = iphoneos;
				SWIFT_ACTIVE_COMPILATION_CONDITIONS = "DEBUG $(inherited)";
				SWIFT_OPTIMIZATION_LEVEL = "-Onone";
			};
			name = Debug;
		};
		CONF0000000000000000002 /* Release */ = {
			isa = XCBuildConfiguration;
			buildSettings = {
				ALWAYS_SEARCH_USER_PATHS = NO;
				CLANG_ANALYZER_NONNULL = YES;
				CLANG_ANALYZER_NUMBER_OBJECT_CONVERSION = YES_AGGRESSIVE;
				CLANG_CXX_LANGUAGE_STANDARD = "gnu++20";
				CLANG_ENABLE_MODULES = YES;
				CLANG_ENABLE_OBJC_ARC = YES;
				CLANG_ENABLE_OBJC_WEAK = YES;
				CLANG_WARN__DUPLICATE_METHOD_MATCH = YES;
				COPY_PHASE_STRIP = NO;
				DEBUG_INFORMATION_FORMAT = "dwarf-with-dsym";
				ENABLE_NS_ASSERTIONS = NO;
				ENABLE_STRICT_OBJC_MSGSEND = YES;
				GCC_C_LANGUAGE_STANDARD = gnu17;
				GCC_NO_COMMON_BLOCKS = YES;
				GCC_WARN_64_TO_32_BIT_CONVERSION = YES;
				GCC_WARN_ABOUT_RETURN_TYPE = YES_ERROR;
				GCC_WARN_UNDECLARED_SELECTOR = YES;
				GCC_WARN_UNINITIALIZED_AUTOS = YES_AGGRESSIVE;
				GCC_WARN_UNUSED_FUNCTION = YES;
				GCC_WARN_UNUSED_VARIABLE = YES;
				IPHONEOS_DEPLOYMENT_TARGET = 16.0;
				MTL_FAST_MATH = YES;
				SDKROOT = iphoneos;
				SWIFT_OPTIMIZATION_LEVEL = "-Owholemodule";
				VALIDATE_PRODUCT = YES;
			};
			name = Release;
		};
		CONF0000000000000000003 /* Debug */ = {
			isa = XCBuildConfiguration;
			buildSettings = {
				ASSETCATALOG_COMPILER_APPICON_NAME = AppIcon;
				ASSETCATALOG_COMPILER_INCLUDE_ALL_APPICON_ASSETS = YES;
				CODE_SIGN_ENTITLEMENTS = "";
				"CODE_SIGN_ENTITLEMENTS[sdk=iphonesimulator*]" = MinifyRadio/MinifyRadio.entitlements;
				CODE_SIGN_STYLE = Automatic;
				CURRENT_PROJECT_VERSION = 1;
				DEVELOPMENT_TEAM = RYRWMY3666;
				ENABLE_PREVIEWS = YES;
				GENERATE_INFOPLIST_FILE = NO;
				INFOPLIST_FILE = MinifyRadio/Info.plist;
				INFOPLIST_KEY_LSApplicationCategoryType = "public.app-category.music";
				INFOPLIST_KEY_UIApplicationSceneManifest_Generation = NO;
				INFOPLIST_KEY_UIApplicationSupportsIndirectInputEvents = YES;
				INFOPLIST_KEY_UILaunchScreen_Generation = YES;
				INFOPLIST_KEY_UISupportedInterfaceOrientations_iPad = "UIInterfaceOrientationPortrait UIInterfaceOrientationPortraitUpsideDown UIInterfaceOrientationLandscapeLeft UIInterfaceOrientationLandscapeRight";
				INFOPLIST_KEY_UISupportedInterfaceOrientations_iPhone = UIInterfaceOrientationPortrait;
				LD_RUNPATH_SEARCH_PATHS = (
					"$(inherited)",
					"@executable_path/Frameworks",
				);
				MARKETING_VERSION = 1.0;
				PRODUCT_BUNDLE_IDENTIFIER = app.minify.radio;
				PRODUCT_NAME = "$(TARGET_NAME)";
				SWIFT_EMIT_LOC_STRINGS = YES;
				SWIFT_VERSION = 5.0;
				TARGETED_DEVICE_FAMILY = "1,2";
			};
			name = Debug;
		};
		CONF0000000000000000004 /* Release */ = {
			isa = XCBuildConfiguration;
			buildSettings = {
				ASSETCATALOG_COMPILER_APPICON_NAME = AppIcon;
				ASSETCATALOG_COMPILER_INCLUDE_ALL_APPICON_ASSETS = YES;
				CODE_SIGN_ENTITLEMENTS = "";
				"CODE_SIGN_ENTITLEMENTS[sdk=iphonesimulator*]" = MinifyRadio/MinifyRadio.entitlements;
				CODE_SIGN_STYLE = Automatic;
				CURRENT_PROJECT_VERSION = 1;
				DEVELOPMENT_TEAM = RYRWMY3666;
				ENABLE_PREVIEWS = YES;
				GENERATE_INFOPLIST_FILE = NO;
				INFOPLIST_FILE = MinifyRadio/Info.plist;
				INFOPLIST_KEY_LSApplicationCategoryType = "public.app-category.music";
				INFOPLIST_KEY_UIApplicationSceneManifest_Generation = NO;
				INFOPLIST_KEY_UIApplicationSupportsIndirectInputEvents = YES;
				INFOPLIST_KEY_UILaunchScreen_Generation = YES;
				INFOPLIST_KEY_UISupportedInterfaceOrientations_iPad = "UIInterfaceOrientationPortrait UIInterfaceOrientationPortraitUpsideDown UIInterfaceOrientationLandscapeLeft UIInterfaceOrientationLandscapeRight";
				INFOPLIST_KEY_UISupportedInterfaceOrientations_iPhone = UIInterfaceOrientationPortrait;
				LD_RUNPATH_SEARCH_PATHS = (
					"$(inherited)",
					"@executable_path/Frameworks",
				);
				MARKETING_VERSION = 1.0;
				PRODUCT_BUNDLE_IDENTIFIER = app.minify.radio;
				PRODUCT_NAME = "$(TARGET_NAME)";
				SWIFT_EMIT_LOC_STRINGS = YES;
				SWIFT_VERSION = 5.0;
				TARGETED_DEVICE_FAMILY = "1,2";
			};
			name = Release;
		};
		CONF0000000000000000005 /* Debug */ = {
			isa = XCBuildConfiguration;
			buildSettings = {
				CODE_SIGN_STYLE = Automatic;
				CURRENT_PROJECT_VERSION = 1;
				DEVELOPMENT_TEAM = RYRWMY3666;
				GENERATE_INFOPLIST_FILE = YES;
				MARKETING_VERSION = 1.0;
				PRODUCT_BUNDLE_IDENTIFIER = app.minify.radio.tests;
				PRODUCT_NAME = "$(TARGET_NAME)";
				SWIFT_EMIT_LOC_STRINGS = NO;
				SWIFT_VERSION = 5.0;
				TARGETED_DEVICE_FAMILY = "1,2";
			};
			name = Debug;
		};
		CONF0000000000000000006 /* Release */ = {
			isa = XCBuildConfiguration;
			buildSettings = {
				CODE_SIGN_STYLE = Automatic;
				CURRENT_PROJECT_VERSION = 1;
				DEVELOPMENT_TEAM = RYRWMY3666;
				GENERATE_INFOPLIST_FILE = YES;
				MARKETING_VERSION = 1.0;
				PRODUCT_BUNDLE_IDENTIFIER = app.minify.radio.tests;
				PRODUCT_NAME = "$(TARGET_NAME)";
				SWIFT_EMIT_LOC_STRINGS = NO;
				SWIFT_VERSION = 5.0;
				TARGETED_DEVICE_FAMILY = "1,2";
			};
			name = Release;
		};
/* End XCBuildConfiguration section */

/* Begin XCConfigurationList section */
		CLST0000000000000000001 /* Build configuration list for PBXProject "MinifyRadio" */ = {
			isa = XCConfigurationList;
			buildConfigurations = (
				CONF0000000000000000001 /* Debug */,
				CONF0000000000000000002 /* Release */,
			);
			defaultConfigurationIsVisible = 0;
			defaultConfigurationName = Release;
		};
		CLST0000000000000000002 /* Build configuration list for PBXNativeTarget "MinifyRadio" */ = {
			isa = XCConfigurationList;
			buildConfigurations = (
				CONF0000000000000000003 /* Debug */,
				CONF0000000000000000004 /* Release */,
			);
			defaultConfigurationIsVisible = 0;
			defaultConfigurationName = Release;
		};
		CLST0000000000000000003 /* Build configuration list for PBXNativeTarget "MinifyRadioTests" */ = {
			isa = XCConfigurationList;
			buildConfigurations = (
				CONF0000000000000000005 /* Debug */,
				CONF0000000000000000006 /* Release */,
			);
			defaultConfigurationIsVisible = 0;
			defaultConfigurationName = Release;
		};
/* End XCConfigurationList section */
	};
	rootObject = PROJ0000000000000000001 /* Project object */;
}
